
Microsoft Visual Studio Solution File, Format Version 12.00
# Visual Studio Version 17
VisualStudioVersion = 17.4.33122.133
MinimumVisualStudioVersion = 10.0.40219.1
Project("{FAE04EC0-301F-11D3-BF4B-00C04F79EFBC}") = "Minihry_1ITB_1", "Minihry_1ITB_1\Minihry_1ITB_1.csproj", "{44F02290-5629-4C30-9F40-B3F7A510D8BC}"
EndProject
Global
	GlobalSection(SolutionConfigurationPlatforms) = preSolution
		Debug|Any CPU = Debug|Any CPU
		Release|Any CPU = Release|Any CPU
	EndGlobalSection
	GlobalSection(ProjectConfigurationPlatforms) = postSolution
		{44F02290-5629-4C30-9F40-B3F7A510D8BC}.Debug|Any CPU.ActiveCfg = Debug|Any CPU
		{44F02290-5629-4C30-9F40-B3F7A510D8BC}.Debug|Any CPU.Build.0 = Debug|Any CPU
		{44F02290-5629-4C30-9F40-B3F7A510D8BC}.Release|Any CPU.ActiveCfg = Release|Any CPU
		{44F02290-5629-4C30-9F40-B3F7A510D8BC}.Release|Any CPU.Build.0 = Release|Any CPU
	EndGlobalSection
	GlobalSection(SolutionProperties) = preSolution
		HideSolutionNode = FALSE
	EndGlobalSection
	GlobalSection(ExtensibilityGlobals) = postSolution
		SolutionGuid = {C4C28D6F-A80A-4253-9D0F-44541B910313}
	EndGlobalSection
EndGlobal
